{"version":4,"terraform_version":"1.9.0","serial":40,"lineage":"bdc5ec15-6076-567c-5532-3ba4a63c5797","outputs":{},"resources":[{"mode":"data","type":"http","name":"todo","provider":"provider[\"registry.opentofu.org/hashicorp/http\"]","instances":[{"schema_version":0,"attributes":{"body":"{\n  \"userId\": 1,\n  \"id\": 1,\n  \"title\": \"delectus aut autem\",\n  \"completed\": false\n}","ca_cert_pem":null,"id":"https://jsonplaceholder.typicode.com/todos/1","insecure":null,"method":null,"request_body":null,"request_headers":null,"request_timeout_ms":null,"response_body":"{\n  \"userId\": 1,\n  \"id\": 1,\n  \"title\": \"delectus aut autem\",\n  \"completed\": false\n}","response_body_base64":"ewogICJ1c2VySWQiOiAxLAogICJpZCI6IDEsCiAgInRpdGxlIjogImRlbGVjdHVzIGF1dCBhdXRlbSIsCiAgImNvbXBsZXRlZCI6IGZhbHNlCn0=","response_headers":{"Access-Control-Allow-Credentials":"true","Age":"21039","Alt-Svc":"h3=\":443\"; ma=86400","Cache-Control":"max-age=43200","Cf-Cache-Status":"HIT","Cf-Ray":"92c2553f3e77f439-BOM","Content-Type":"application/json; charset=utf-8","Date":"Sun, 06 Apr 2025 15:31:34 GMT","Etag":"W/\"53-hfEnumeNh6YirfjyjaujcOPPT+s\"","Expires":"-1","Nel":"{\"report_to\":\"heroku-nel\",\"max_age\":3600,\"success_fraction\":0.005,\"failure_fraction\":0.05,\"response_headers\":[\"Via\"]}","Pragma":"no-cache","Report-To":"{\"group\":\"heroku-nel\",\"max_age\":3600,\"endpoints\":[{\"url\":\"https://nel.heroku.com/reports?ts=1743615643\u0026sid=e11707d5-02a7-43ef-b45e-2cf4d2036f7d\u0026s=WgSwSME6XIhkKZ0uH6NZpIOmAjVrJXKgqWwMw5Npihg%3D\"}]}","Reporting-Endpoints":"heroku-nel=https://nel.heroku.com/reports?ts=1743615643\u0026sid=e11707d5-02a7-43ef-b45e-2cf4d2036f7d\u0026s=WgSwSME6XIhkKZ0uH6NZpIOmAjVrJXKgqWwMw5Npihg%3D","Server":"cloudflare","Server-Timing":"cfL4;desc=\"?proto=TCP\u0026rtt=0\u0026min_rtt=0\u0026rtt_var=0\u0026sent=0\u0026recv=0\u0026lost=0\u0026retrans=0\u0026sent_bytes=0\u0026recv_bytes=0\u0026delivery_rate=0\u0026cwnd=0\u0026unsent_bytes=0\u0026cid=a500a6c192339d5f\u0026ts=51\u0026x=0\"","Vary":"Origin, Accept-Encoding","Via":"1.1 vegur","X-Content-Type-Options":"nosniff","X-Powered-By":"Express","X-Ratelimit-Limit":"1000","X-Ratelimit-Remaining":"999","X-Ratelimit-Reset":"1743615658"},"retry":null,"status_code":200,"url":"https://jsonplaceholder.typicode.com/todos/1"},"sensitive_attributes":[]}]},{"mode":"managed","type":"local_file","name":"main-1","provider":"provider[\"registry.opentofu.org/hashicorp/local\"]","instances":[{"schema_version":0,"attributes":{"content":"Hello, tofu","content_base64":null,"content_base64sha256":"NYamGqtbj8MFXjH0mAPXo0lxbCHNHW6/FCOgO1Q1bZw=","content_base64sha512":"Lf4UCI6tAJjSlQv1LonJUC+YppDhCua2BZoQR0dfkO57kv0Czmnop0ly5Bos5dWG4pPWArXDwkKt55u+ovQoUg==","content_md5":"75e8a1a30c49263b928427152459dbdb","content_sha1":"a0c03e9a9b712133005c8098f3161d0bd0cb96f2","content_sha256":"3586a61aab5b8fc3055e31f49803d7a349716c21cd1d6ebf1423a03b54356d9c","content_sha512":"2dfe14088ead0098d2950bf52e89c9502f98a690e10ae6b6059a1047475f90ee7b92fd02ce69e8a74972e41a2ce5d586e293d602b5c3c242ade79bbea2f42852","directory_permission":"0777","file_permission":"0777","filename":"./out_1.txt","id":"a0c03e9a9b712133005c8098f3161d0bd0cb96f2","sensitive_content":null,"source":null},"sensitive_attributes":[[{"type":"get_attr","value":"sensitive_content"}]]}]},{"mode":"managed","type":"local_file","name":"other","provider":"provider[\"registry.opentofu.org/hashicorp/local\"]","instances":[{"schema_version":0,"attributes":{"content":"delectus aut autem","content_base64":null,"content_base64sha256":"qJBAX8w0l3dQDG2gpP1HJZQnTJjskOIUihO79gw4Qq0=","content_base64sha512":"P9NPI2AAdyJeimBIdDw4sc8p7kt8PZL1/U4D3xl6wFl+OiPnD8CSYAIfKxFaShEB8hITFdk4Ss6s+pA5I11t7w==","content_md5":"61e646f8d4c5722300cd1c0581c12dc8","content_sha1":"7a6500e33e38a6ac5ff61a1e07a134361568d46e","content_sha256":"a890405fcc349777500c6da0a4fd472594274c98ec90e2148a13bbf60c3842ad","content_sha512":"3fd34f23600077225e8a6048743c38b1cf29ee4b7c3d92f5fd4e03df197ac0597e3a23e70fc09260021f2b115a4a1101f2121315d9384aceacfa9039235d6def","directory_permission":"0777","file_permission":"0777","filename":"./title.txt","id":"7a6500e33e38a6ac5ff61a1e07a134361568d46e","sensitive_content":null,"source":null},"sensitive_attributes":[[{"type":"get_attr","value":"sensitive_content"}]],"dependencies":["data.http.todo","local_file.todo_data"]}]},{"mode":"managed","type":"local_file","name":"todo_data","provider":"provider[\"registry.opentofu.org/hashicorp/local\"]","instances":[{"schema_version":0,"attributes":{"content":"{\n  \"userId\": 1,\n  \"id\": 1,\n  \"title\": \"delectus aut autem\",\n  \"completed\": false\n}","content_base64":null,"content_base64sha256":"YHmhYs9Jlyu88vtAAfMd18yAsvP91ianCAk3WM3bK9c=","content_base64sha512":"iP96IUvslkxy/Hs1QXhXhTdgqd/+0l3xfXOU/btw3aaliicPlvBa4yVJ90fit5+MXVclMJSFuWe4eYk+1+27iQ==","content_md5":"c35ad75ac9c3507a2d213b390ed7f50f","content_sha1":"85f127ba678d87a622adf8f28daba370e3cf4feb","content_sha256":"6079a162cf49972bbcf2fb4001f31dd7cc80b2f3fdd626a708093758cddb2bd7","content_sha512":"88ff7a214bec964c72fc7b35417857853760a9dffed25df17d7394fdbb70dda6a58a270f96f05ae32549f747e2b79f8c5d5725309485b967b879893ed7edbb89","directory_permission":"0777","file_permission":"0777","filename":"./todo_data.json","id":"85f127ba678d87a622adf8f28daba370e3cf4feb","sensitive_content":null,"source":null},"sensitive_attributes":[[{"type":"get_attr","value":"sensitive_content"}]],"dependencies":["data.http.todo"]}]},{"mode":"managed","type":"local_file","name":"todo_headers","provider":"provider[\"registry.opentofu.org/hashicorp/local\"]","instances":[{"schema_version":0,"attributes":{"content":"Access-Control-Allow-Credentials=true\nAge=21039\nAlt-Svc=h3=\":443\"; ma=86400\nCache-Control=max-age=43200\nCf-Cache-Status=HIT\nCf-Ray=92c2553f3e77f439-BOM\nContent-Type=application/json; charset=utf-8\nDate=Sun, 06 Apr 2025 15:31:34 GMT\nEtag=W/\"53-hfEnumeNh6YirfjyjaujcOPPT+s\"\nExpires=-1\nNel={\"report_to\":\"heroku-nel\",\"max_age\":3600,\"success_fraction\":0.005,\"failure_fraction\":0.05,\"response_headers\":[\"Via\"]}\nPragma=no-cache\nReport-To={\"group\":\"heroku-nel\",\"max_age\":3600,\"endpoints\":[{\"url\":\"https://nel.heroku.com/reports?ts=1743615643\u0026sid=e11707d5-02a7-43ef-b45e-2cf4d2036f7d\u0026s=WgSwSME6XIhkKZ0uH6NZpIOmAjVrJXKgqWwMw5Npihg%3D\"}]}\nReporting-Endpoints=heroku-nel=https://nel.heroku.com/reports?ts=1743615643\u0026sid=e11707d5-02a7-43ef-b45e-2cf4d2036f7d\u0026s=WgSwSME6XIhkKZ0uH6NZpIOmAjVrJXKgqWwMw5Npihg%3D\nServer=cloudflare\nServer-Timing=cfL4;desc=\"?proto=TCP\u0026rtt=0\u0026min_rtt=0\u0026rtt_var=0\u0026sent=0\u0026recv=0\u0026lost=0\u0026retrans=0\u0026sent_bytes=0\u0026recv_bytes=0\u0026delivery_rate=0\u0026cwnd=0\u0026unsent_bytes=0\u0026cid=a500a6c192339d5f\u0026ts=51\u0026x=0\"\nVary=Origin, Accept-Encoding\nVia=1.1 vegur\nX-Content-Type-Options=nosniff\nX-Powered-By=Express\nX-Ratelimit-Limit=1000\nX-Ratelimit-Remaining=999\nX-Ratelimit-Reset=1743615658","content_base64":null,"content_base64sha256":"eepIm/yA7IKgpClddzRlsmbIEAF0BFvmNqE4S8FXsUo=","content_base64sha512":"g7C8Gy9bN/nqMd0vTS4zUR7j17Xv5vwO5CDzozzDVF/7KVp6wjyjQp54BqChMWyGML/JiYr6wS/U24jsM9URow==","content_md5":"8bce4e15a5b9fab0dffff53875308afa","content_sha1":"55f7e2b36eede62fac093e09b026e8933c05e2ff","content_sha256":"79ea489bfc80ec82a0a4295d773465b266c8100174045be636a1384bc157b14a","content_sha512":"83b0bc1b2f5b37f9ea31dd2f4d2e33511ee3d7b5efe6fc0ee420f3a33cc3545ffb295a7ac23ca3429e7806a0a1316c8630bfc9898afac12fd4db88ec33d511a3","directory_permission":"0777","file_permission":"0777","filename":"./todo_headers.txt","id":"55f7e2b36eede62fac093e09b026e8933c05e2ff","sensitive_content":null,"source":null},"sensitive_attributes":[[{"type":"get_attr","value":"sensitive_content"}]],"dependencies":["data.http.todo"]}]}],"check_results":null}
