{"version":4,"terraform_version":"1.9.0","serial":25,"lineage":"bdc5ec15-6076-567c-5532-3ba4a63c5797","outputs":{},"resources":[{"mode":"data","type":"http","name":"todo","provider":"provider[\"registry.opentofu.org/hashicorp/http\"]","instances":[{"schema_version":0,"attributes":{"body":"{\n  \"userId\": 1,\n  \"id\": 1,\n  \"title\": \"delectus aut autem\",\n  \"completed\": false\n}","ca_cert_pem":null,"id":"https://jsonplaceholder.typicode.com/todos/1","insecure":null,"method":null,"request_body":null,"request_headers":null,"request_timeout_ms":null,"response_body":"{\n  \"userId\": 1,\n  \"id\": 1,\n  \"title\": \"delectus aut autem\",\n  \"completed\": false\n}","response_body_base64":"ewogICJ1c2VySWQiOiAxLAogICJpZCI6IDEsCiAgInRpdGxlIjogImRlbGVjdHVzIGF1dCBhdXRlbSIsCiAgImNvbXBsZXRlZCI6IGZhbHNlCn0=","response_headers":{"Access-Control-Allow-Credentials":"true","Age":"16971","Alt-Svc":"h3=\":443\"; ma=86400","Cache-Control":"max-age=43200","Cf-Cache-Status":"HIT","Cf-Ray":"92c1f1eeb941f439-BOM","Content-Type":"application/json; charset=utf-8","Date":"Sun, 06 Apr 2025 14:23:47 GMT","Etag":"W/\"53-hfEnumeNh6YirfjyjaujcOPPT+s\"","Expires":"-1","Nel":"{\"report_to\":\"heroku-nel\",\"max_age\":3600,\"success_fraction\":0.005,\"failure_fraction\":0.05,\"response_headers\":[\"Via\"]}","Pragma":"no-cache","Report-To":"{\"group\":\"heroku-nel\",\"max_age\":3600,\"endpoints\":[{\"url\":\"https://nel.heroku.com/reports?ts=1743615643\u0026sid=e11707d5-02a7-43ef-b45e-2cf4d2036f7d\u0026s=WgSwSME6XIhkKZ0uH6NZpIOmAjVrJXKgqWwMw5Npihg%3D\"}]}","Reporting-Endpoints":"heroku-nel=https://nel.heroku.com/reports?ts=1743615643\u0026sid=e11707d5-02a7-43ef-b45e-2cf4d2036f7d\u0026s=WgSwSME6XIhkKZ0uH6NZpIOmAjVrJXKgqWwMw5Npihg%3D","Server":"cloudflare","Server-Timing":"cfL4;desc=\"?proto=TCP\u0026rtt=0\u0026min_rtt=0\u0026rtt_var=0\u0026sent=0\u0026recv=0\u0026lost=0\u0026retrans=0\u0026sent_bytes=0\u0026recv_bytes=0\u0026delivery_rate=0\u0026cwnd=0\u0026unsent_bytes=0\u0026cid=cfb0a37167db5a15\u0026ts=42\u0026x=0\"","Vary":"Origin, Accept-Encoding","Via":"1.1 vegur","X-Content-Type-Options":"nosniff","X-Powered-By":"Express","X-Ratelimit-Limit":"1000","X-Ratelimit-Remaining":"999","X-Ratelimit-Reset":"1743615658"},"retry":null,"status_code":200,"url":"https://jsonplaceholder.typicode.com/todos/1"},"sensitive_attributes":[]}]},{"mode":"managed","type":"local_file","name":"main-1","provider":"provider[\"registry.opentofu.org/hashicorp/local\"]","instances":[{"schema_version":0,"attributes":{"content":"Hello, tofu","content_base64":null,"content_base64sha256":"NYamGqtbj8MFXjH0mAPXo0lxbCHNHW6/FCOgO1Q1bZw=","content_base64sha512":"Lf4UCI6tAJjSlQv1LonJUC+YppDhCua2BZoQR0dfkO57kv0Czmnop0ly5Bos5dWG4pPWArXDwkKt55u+ovQoUg==","content_md5":"75e8a1a30c49263b928427152459dbdb","content_sha1":"a0c03e9a9b712133005c8098f3161d0bd0cb96f2","content_sha256":"3586a61aab5b8fc3055e31f49803d7a349716c21cd1d6ebf1423a03b54356d9c","content_sha512":"2dfe14088ead0098d2950bf52e89c9502f98a690e10ae6b6059a1047475f90ee7b92fd02ce69e8a74972e41a2ce5d586e293d602b5c3c242ade79bbea2f42852","directory_permission":"0777","file_permission":"0777","filename":"./out_1.txt","id":"a0c03e9a9b712133005c8098f3161d0bd0cb96f2","sensitive_content":null,"source":null},"sensitive_attributes":[[{"type":"get_attr","value":"sensitive_content"}]]}]},{"mode":"managed","type":"local_file","name":"todo_data","provider":"provider[\"registry.opentofu.org/hashicorp/local\"]","instances":[{"schema_version":0,"attributes":{"content":"{\n  \"userId\": 1,\n  \"id\": 1,\n  \"title\": \"delectus aut autem\",\n  \"completed\": false\n}","content_base64":null,"content_base64sha256":"YHmhYs9Jlyu88vtAAfMd18yAsvP91ianCAk3WM3bK9c=","content_base64sha512":"iP96IUvslkxy/Hs1QXhXhTdgqd/+0l3xfXOU/btw3aaliicPlvBa4yVJ90fit5+MXVclMJSFuWe4eYk+1+27iQ==","content_md5":"c35ad75ac9c3507a2d213b390ed7f50f","content_sha1":"85f127ba678d87a622adf8f28daba370e3cf4feb","content_sha256":"6079a162cf49972bbcf2fb4001f31dd7cc80b2f3fdd626a708093758cddb2bd7","content_sha512":"88ff7a214bec964c72fc7b35417857853760a9dffed25df17d7394fdbb70dda6a58a270f96f05ae32549f747e2b79f8c5d5725309485b967b879893ed7edbb89","directory_permission":"0777","file_permission":"0777","filename":"./todo_data.json","id":"85f127ba678d87a622adf8f28daba370e3cf4feb","sensitive_content":null,"source":null},"sensitive_attributes":[[{"type":"get_attr","value":"sensitive_content"}]],"dependencies":["data.http.todo"]}]},{"mode":"managed","type":"local_file","name":"todo_headers","provider":"provider[\"registry.opentofu.org/hashicorp/local\"]","instances":[{"schema_version":0,"attributes":{"content":"Access-Control-Allow-Credentials=true\nAge=16971\nAlt-Svc=h3=\":443\"; ma=86400\nCache-Control=max-age=43200\nCf-Cache-Status=HIT\nCf-Ray=92c1f1eeb941f439-BOM\nContent-Type=application/json; charset=utf-8\nDate=Sun, 06 Apr 2025 14:23:47 GMT\nEtag=W/\"53-hfEnumeNh6YirfjyjaujcOPPT+s\"\nExpires=-1\nNel={\"report_to\":\"heroku-nel\",\"max_age\":3600,\"success_fraction\":0.005,\"failure_fraction\":0.05,\"response_headers\":[\"Via\"]}\nPragma=no-cache\nReport-To={\"group\":\"heroku-nel\",\"max_age\":3600,\"endpoints\":[{\"url\":\"https://nel.heroku.com/reports?ts=1743615643\u0026sid=e11707d5-02a7-43ef-b45e-2cf4d2036f7d\u0026s=WgSwSME6XIhkKZ0uH6NZpIOmAjVrJXKgqWwMw5Npihg%3D\"}]}\nReporting-Endpoints=heroku-nel=https://nel.heroku.com/reports?ts=1743615643\u0026sid=e11707d5-02a7-43ef-b45e-2cf4d2036f7d\u0026s=WgSwSME6XIhkKZ0uH6NZpIOmAjVrJXKgqWwMw5Npihg%3D\nServer=cloudflare\nServer-Timing=cfL4;desc=\"?proto=TCP\u0026rtt=0\u0026min_rtt=0\u0026rtt_var=0\u0026sent=0\u0026recv=0\u0026lost=0\u0026retrans=0\u0026sent_bytes=0\u0026recv_bytes=0\u0026delivery_rate=0\u0026cwnd=0\u0026unsent_bytes=0\u0026cid=cfb0a37167db5a15\u0026ts=42\u0026x=0\"\nVary=Origin, Accept-Encoding\nVia=1.1 vegur\nX-Content-Type-Options=nosniff\nX-Powered-By=Express\nX-Ratelimit-Limit=1000\nX-Ratelimit-Remaining=999\nX-Ratelimit-Reset=1743615658","content_base64":null,"content_base64sha256":"UYqnwtCRBMHgZl904l+uY5/qsKBNyLBt+LGfFL0mrHU=","content_base64sha512":"gha/OSDXqvuYMMRMHyCkG8+F4+TVLL9J7ainshYTYeG4/3we1HrrUHOnadIy3NK/Tc2IQ26dOMa/oKh5e54Hhg==","content_md5":"e7468e634549e4bc4e1f3ba9efaf4c20","content_sha1":"1ac6c7c102354f88268637ad6af845e3a7211293","content_sha256":"518aa7c2d09104c1e0665f74e25fae639feab0a04dc8b06df8b19f14bd26ac75","content_sha512":"8216bf3920d7aafb9830c44c1f20a41bcf85e3e4d52cbf49eda8a7b2161361e1b8ff7c1ed47aeb5073a769d232dcd2bf4dcd88436e9d38c6bfa0a8797b9e0786","directory_permission":"0777","file_permission":"0777","filename":"./todo_headers.txt","id":"1ac6c7c102354f88268637ad6af845e3a7211293","sensitive_content":null,"source":null},"sensitive_attributes":[[{"type":"get_attr","value":"sensitive_content"}]],"dependencies":["data.http.todo"]}]}],"check_results":null}
