{"version":4,"terraform_version":"1.9.0","serial":33,"lineage":"bdc5ec15-6076-567c-5532-3ba4a63c5797","outputs":{},"resources":[{"mode":"data","type":"http","name":"todo","provider":"provider[\"registry.opentofu.org/hashicorp/http\"]","instances":[{"schema_version":0,"attributes":{"body":"{\n  \"userId\": 1,\n  \"id\": 1,\n  \"title\": \"delectus aut autem\",\n  \"completed\": false\n}","ca_cert_pem":null,"id":"https://jsonplaceholder.typicode.com/todos/1","insecure":null,"method":null,"request_body":null,"request_headers":null,"request_timeout_ms":null,"response_body":"{\n  \"userId\": 1,\n  \"id\": 1,\n  \"title\": \"delectus aut autem\",\n  \"completed\": false\n}","response_body_base64":"ewogICJ1c2VySWQiOiAxLAogICJpZCI6IDEsCiAgInRpdGxlIjogImRlbGVjdHVzIGF1dCBhdXRlbSIsCiAgImNvbXBsZXRlZCI6IGZhbHNlCn0=","response_headers":{"Access-Control-Allow-Credentials":"true","Age":"19173","Alt-Svc":"h3=\":443\"; ma=86400","Cache-Control":"max-age=43200","Cf-Cache-Status":"HIT","Cf-Ray":"92c227b689c8f439-BOM","Content-Type":"application/json; charset=utf-8","Date":"Sun, 06 Apr 2025 15:00:29 GMT","Etag":"W/\"53-hfEnumeNh6YirfjyjaujcOPPT+s\"","Expires":"-1","Nel":"{\"report_to\":\"heroku-nel\",\"max_age\":3600,\"success_fraction\":0.005,\"failure_fraction\":0.05,\"response_headers\":[\"Via\"]}","Pragma":"no-cache","Report-To":"{\"group\":\"heroku-nel\",\"max_age\":3600,\"endpoints\":[{\"url\":\"https://nel.heroku.com/reports?ts=1743615643\u0026sid=e11707d5-02a7-43ef-b45e-2cf4d2036f7d\u0026s=WgSwSME6XIhkKZ0uH6NZpIOmAjVrJXKgqWwMw5Npihg%3D\"}]}","Reporting-Endpoints":"heroku-nel=https://nel.heroku.com/reports?ts=1743615643\u0026sid=e11707d5-02a7-43ef-b45e-2cf4d2036f7d\u0026s=WgSwSME6XIhkKZ0uH6NZpIOmAjVrJXKgqWwMw5Npihg%3D","Server":"cloudflare","Server-Timing":"cfL4;desc=\"?proto=TCP\u0026rtt=0\u0026min_rtt=0\u0026rtt_var=0\u0026sent=0\u0026recv=0\u0026lost=0\u0026retrans=0\u0026sent_bytes=0\u0026recv_bytes=0\u0026delivery_rate=0\u0026cwnd=0\u0026unsent_bytes=0\u0026cid=e625e2830ec84bcc\u0026ts=51\u0026x=0\"","Vary":"Origin, Accept-Encoding","Via":"1.1 vegur","X-Content-Type-Options":"nosniff","X-Powered-By":"Express","X-Ratelimit-Limit":"1000","X-Ratelimit-Remaining":"999","X-Ratelimit-Reset":"1743615658"},"retry":null,"status_code":200,"url":"https://jsonplaceholder.typicode.com/todos/1"},"sensitive_attributes":[]}]},{"mode":"managed","type":"google_compute_instance","name":"app","provider":"provider[\"registry.opentofu.org/hashicorp/google\"]","instances":[{"schema_version":6,"attributes":{"advanced_machine_features":[],"allow_stopping_for_update":null,"attached_disk":[],"boot_disk":[{"auto_delete":true,"device_name":"persistent-disk-0","disk_encryption_key_raw":"","disk_encryption_key_rsa":"","disk_encryption_key_sha256":"","disk_encryption_service_account":"","guest_os_features":["VIRTIO_SCSI_MULTIQUEUE","SEV_CAPABLE","UEFI_COMPATIBLE","GVNIC"],"initialize_params":[{"architecture":"X86_64","enable_confidential_compute":false,"image":"https://www.googleapis.com/compute/v1/projects/ubuntu-os-cloud/global/images/ubuntu-minimal-2210-kinetic-amd64-v20230126","labels":{},"provisioned_iops":0,"provisioned_throughput":0,"resource_manager_tags":null,"resource_policies":[],"size":10,"snapshot":"","source_image_encryption_key":[],"source_snapshot_encryption_key":[],"storage_pool":"","type":"pd-standard"}],"interface":"","kms_key_self_link":"","mode":"READ_WRITE","source":"https://www.googleapis.com/compute/v1/projects/learn-tofu/zones/asia-south1-c/disks/my-tofu-machine"}],"can_ip_forward":false,"confidential_instance_config":[],"cpu_platform":"Intel Skylake","creation_timestamp":"2025-04-06T08:00:44.021-07:00","current_status":"RUNNING","deletion_protection":false,"description":"","desired_status":null,"effective_labels":{"goog-terraform-provisioned":"true"},"enable_display":false,"guest_accelerator":[],"hostname":"","id":"projects/learn-tofu/zones/asia-south1-c/instances/my-tofu-machine","instance_encryption_key":[],"instance_id":"8632000432519981556","key_revocation_action_type":"","label_fingerprint":"vezUS-42LLM=","labels":null,"machine_type":"n1-standard-1","metadata":null,"metadata_fingerprint":"hjQJcWtAQQI=","metadata_startup_script":null,"min_cpu_platform":"","name":"my-tofu-machine","network_interface":[{"access_config":[{"nat_ip":"34.93.17.82","network_tier":"PREMIUM","public_ptr_domain_name":""}],"alias_ip_range":[],"internal_ipv6_prefix_length":0,"ipv6_access_config":[],"ipv6_access_type":"","ipv6_address":"","name":"nic0","network":"https://www.googleapis.com/compute/v1/projects/learn-tofu/global/networks/default","network_attachment":"","network_ip":"10.160.0.6","nic_type":"","queue_count":0,"stack_type":"IPV4_ONLY","subnetwork":"https://www.googleapis.com/compute/v1/projects/learn-tofu/regions/asia-south1/subnetworks/default","subnetwork_project":"learn-tofu"}],"network_performance_config":[],"params":[],"project":"learn-tofu","reservation_affinity":[],"resource_policies":null,"scheduling":[{"automatic_restart":true,"availability_domain":0,"instance_termination_action":"","local_ssd_recovery_timeout":[],"max_run_duration":[],"min_node_cpus":0,"node_affinities":[],"on_host_maintenance":"MIGRATE","on_instance_stop_action":[],"preemptible":false,"provisioning_model":"STANDARD","termination_time":""}],"scratch_disk":[],"self_link":"https://www.googleapis.com/compute/v1/projects/learn-tofu/zones/asia-south1-c/instances/my-tofu-machine","service_account":[],"shielded_instance_config":[{"enable_integrity_monitoring":true,"enable_secure_boot":false,"enable_vtpm":true}],"tags":null,"tags_fingerprint":"42WmSpB8rSM=","terraform_labels":{"goog-terraform-provisioned":"true"},"timeouts":null,"zone":"asia-south1-c"},"sensitive_attributes":[[{"type":"get_attr","value":"boot_disk"},{"type":"index","value":{"value":0,"type":"number"}},{"type":"get_attr","value":"disk_encryption_key_rsa"}],[{"type":"get_attr","value":"boot_disk"},{"type":"index","value":{"value":0,"type":"number"}},{"type":"get_attr","value":"disk_encryption_key_raw"}]],"private":"eyJlMmJmYjczMC1lY2FhLTExZTYtOGY4OC0zNDM2M2JjN2M0YzAiOnsiY3JlYXRlIjoxMjAwMDAwMDAwMDAwLCJkZWxldGUiOjEyMDAwMDAwMDAwMDAsInVwZGF0ZSI6MTIwMDAwMDAwMDAwMH0sInNjaGVtYV92ZXJzaW9uIjoiNiJ9"}]},{"mode":"managed","type":"local_file","name":"main-1","provider":"provider[\"registry.opentofu.org/hashicorp/local\"]","instances":[{"schema_version":0,"attributes":{"content":"Hello, tofu","content_base64":null,"content_base64sha256":"NYamGqtbj8MFXjH0mAPXo0lxbCHNHW6/FCOgO1Q1bZw=","content_base64sha512":"Lf4UCI6tAJjSlQv1LonJUC+YppDhCua2BZoQR0dfkO57kv0Czmnop0ly5Bos5dWG4pPWArXDwkKt55u+ovQoUg==","content_md5":"75e8a1a30c49263b928427152459dbdb","content_sha1":"a0c03e9a9b712133005c8098f3161d0bd0cb96f2","content_sha256":"3586a61aab5b8fc3055e31f49803d7a349716c21cd1d6ebf1423a03b54356d9c","content_sha512":"2dfe14088ead0098d2950bf52e89c9502f98a690e10ae6b6059a1047475f90ee7b92fd02ce69e8a74972e41a2ce5d586e293d602b5c3c242ade79bbea2f42852","directory_permission":"0777","file_permission":"0777","filename":"./out_1.txt","id":"a0c03e9a9b712133005c8098f3161d0bd0cb96f2","sensitive_content":null,"source":null},"sensitive_attributes":[[{"type":"get_attr","value":"sensitive_content"}]]}]},{"mode":"managed","type":"local_file","name":"todo_data","provider":"provider[\"registry.opentofu.org/hashicorp/local\"]","instances":[{"schema_version":0,"attributes":{"content":"{\n  \"userId\": 1,\n  \"id\": 1,\n  \"title\": \"delectus aut autem\",\n  \"completed\": false\n}","content_base64":null,"content_base64sha256":"YHmhYs9Jlyu88vtAAfMd18yAsvP91ianCAk3WM3bK9c=","content_base64sha512":"iP96IUvslkxy/Hs1QXhXhTdgqd/+0l3xfXOU/btw3aaliicPlvBa4yVJ90fit5+MXVclMJSFuWe4eYk+1+27iQ==","content_md5":"c35ad75ac9c3507a2d213b390ed7f50f","content_sha1":"85f127ba678d87a622adf8f28daba370e3cf4feb","content_sha256":"6079a162cf49972bbcf2fb4001f31dd7cc80b2f3fdd626a708093758cddb2bd7","content_sha512":"88ff7a214bec964c72fc7b35417857853760a9dffed25df17d7394fdbb70dda6a58a270f96f05ae32549f747e2b79f8c5d5725309485b967b879893ed7edbb89","directory_permission":"0777","file_permission":"0777","filename":"./todo_data.json","id":"85f127ba678d87a622adf8f28daba370e3cf4feb","sensitive_content":null,"source":null},"sensitive_attributes":[[{"type":"get_attr","value":"sensitive_content"}]],"dependencies":["data.http.todo"]}]},{"mode":"managed","type":"local_file","name":"todo_headers","provider":"provider[\"registry.opentofu.org/hashicorp/local\"]","instances":[{"schema_version":0,"attributes":{"content":"Access-Control-Allow-Credentials=true\nAge=19173\nAlt-Svc=h3=\":443\"; ma=86400\nCache-Control=max-age=43200\nCf-Cache-Status=HIT\nCf-Ray=92c227b689c8f439-BOM\nContent-Type=application/json; charset=utf-8\nDate=Sun, 06 Apr 2025 15:00:29 GMT\nEtag=W/\"53-hfEnumeNh6YirfjyjaujcOPPT+s\"\nExpires=-1\nNel={\"report_to\":\"heroku-nel\",\"max_age\":3600,\"success_fraction\":0.005,\"failure_fraction\":0.05,\"response_headers\":[\"Via\"]}\nPragma=no-cache\nReport-To={\"group\":\"heroku-nel\",\"max_age\":3600,\"endpoints\":[{\"url\":\"https://nel.heroku.com/reports?ts=1743615643\u0026sid=e11707d5-02a7-43ef-b45e-2cf4d2036f7d\u0026s=WgSwSME6XIhkKZ0uH6NZpIOmAjVrJXKgqWwMw5Npihg%3D\"}]}\nReporting-Endpoints=heroku-nel=https://nel.heroku.com/reports?ts=1743615643\u0026sid=e11707d5-02a7-43ef-b45e-2cf4d2036f7d\u0026s=WgSwSME6XIhkKZ0uH6NZpIOmAjVrJXKgqWwMw5Npihg%3D\nServer=cloudflare\nServer-Timing=cfL4;desc=\"?proto=TCP\u0026rtt=0\u0026min_rtt=0\u0026rtt_var=0\u0026sent=0\u0026recv=0\u0026lost=0\u0026retrans=0\u0026sent_bytes=0\u0026recv_bytes=0\u0026delivery_rate=0\u0026cwnd=0\u0026unsent_bytes=0\u0026cid=e625e2830ec84bcc\u0026ts=51\u0026x=0\"\nVary=Origin, Accept-Encoding\nVia=1.1 vegur\nX-Content-Type-Options=nosniff\nX-Powered-By=Express\nX-Ratelimit-Limit=1000\nX-Ratelimit-Remaining=999\nX-Ratelimit-Reset=1743615658","content_base64":null,"content_base64sha256":"f/K4Nk76SwBLM7+ykeYCmZGqejQSDWt1VodRitmBzxw=","content_base64sha512":"1SLyY9oALxJ9RTWzSIMnNYENiNYElejUN9RhV7sPj85dXGl6fKmGq52arilxUcqH89NVeqSBDh0RWnKMQ2xMcg==","content_md5":"caaf2572b1ac5d542ab0a4e4f85c848d","content_sha1":"982f2c88bf022d16e5fc155fab0442922b7ba707","content_sha256":"7ff2b8364efa4b004b33bfb291e6029991aa7a34120d6b755687518ad981cf1c","content_sha512":"d522f263da002f127d4535b348832735810d88d60495e8d437d46157bb0f8fce5d5c697a7ca986ab9d9aae297151ca87f3d3557aa4810e1d115a728c436c4c72","directory_permission":"0777","file_permission":"0777","filename":"./todo_headers.txt","id":"982f2c88bf022d16e5fc155fab0442922b7ba707","sensitive_content":null,"source":null},"sensitive_attributes":[[{"type":"get_attr","value":"sensitive_content"}]],"dependencies":["data.http.todo"]}]}],"check_results":null}
