{"version":4,"terraform_version":"1.9.0","serial":12,"lineage":"4ce84036-ac45-6f51-94d2-d66a26b0905a","outputs":{"instance":{"value":{"id":"projects/learn-tofu/zones/asia-south1-c/instances/my-tofu-machine","self_link":"https://www.googleapis.com/compute/v1/projects/learn-tofu/zones/asia-south1-c/instances/my-tofu-machine"},"type":["map","string"]}},"resources":[{"mode":"managed","type":"google_compute_instance","name":"app","provider":"provider[\"registry.opentofu.org/hashicorp/google\"]","instances":[{"schema_version":6,"attributes":{"advanced_machine_features":[],"allow_stopping_for_update":null,"attached_disk":[],"boot_disk":[{"auto_delete":true,"device_name":"persistent-disk-0","disk_encryption_key_raw":"","disk_encryption_key_rsa":"","disk_encryption_key_sha256":"","disk_encryption_service_account":"","guest_os_features":["VIRTIO_SCSI_MULTIQUEUE","SEV_CAPABLE","SEV_SNP_CAPABLE","SEV_LIVE_MIGRATABLE","SEV_LIVE_MIGRATABLE_V2","IDPF","TDX_CAPABLE","UEFI_COMPATIBLE","GVNIC"],"initialize_params":[{"architecture":"X86_64","enable_confidential_compute":false,"image":"https://www.googleapis.com/compute/v1/projects/ubuntu-os-cloud/global/images/ubuntu-minimal-2410-oracular-amd64-v20250312","labels":{},"provisioned_iops":0,"provisioned_throughput":0,"resource_manager_tags":{},"resource_policies":[],"size":10,"snapshot":"","source_image_encryption_key":[],"source_snapshot_encryption_key":[],"storage_pool":"","type":"pd-standard"}],"interface":"","kms_key_self_link":"","mode":"READ_WRITE","source":"https://www.googleapis.com/compute/v1/projects/learn-tofu/zones/asia-south1-c/disks/my-tofu-machine"}],"can_ip_forward":false,"confidential_instance_config":[],"cpu_platform":"Intel Skylake","creation_timestamp":"2025-04-07T10:02:10.151-07:00","current_status":"RUNNING","deletion_protection":false,"description":"","desired_status":null,"effective_labels":{"goog-terraform-provisioned":"true"},"enable_display":false,"guest_accelerator":[],"hostname":"","id":"projects/learn-tofu/zones/asia-south1-c/instances/my-tofu-machine","instance_encryption_key":[],"instance_id":"3472945549753826302","key_revocation_action_type":"","label_fingerprint":"vezUS-42LLM=","labels":{},"machine_type":"n1-standard-1","metadata":{},"metadata_fingerprint":"hjQJcWtAQQI=","metadata_startup_script":null,"min_cpu_platform":"","name":"my-tofu-machine","network_interface":[{"access_config":[{"nat_ip":"34.93.165.229","network_tier":"PREMIUM","public_ptr_domain_name":""}],"alias_ip_range":[],"internal_ipv6_prefix_length":0,"ipv6_access_config":[],"ipv6_access_type":"","ipv6_address":"","name":"nic0","network":"https://www.googleapis.com/compute/v1/projects/learn-tofu/global/networks/default","network_attachment":"","network_ip":"10.160.0.9","nic_type":"","queue_count":0,"stack_type":"IPV4_ONLY","subnetwork":"https://www.googleapis.com/compute/v1/projects/learn-tofu/regions/asia-south1/subnetworks/default","subnetwork_project":"learn-tofu"}],"network_performance_config":[],"params":[],"project":"learn-tofu","reservation_affinity":[],"resource_policies":[],"scheduling":[{"automatic_restart":true,"availability_domain":0,"instance_termination_action":"","local_ssd_recovery_timeout":[],"max_run_duration":[],"min_node_cpus":0,"node_affinities":[],"on_host_maintenance":"MIGRATE","on_instance_stop_action":[],"preemptible":false,"provisioning_model":"STANDARD","termination_time":""}],"scratch_disk":[],"self_link":"https://www.googleapis.com/compute/v1/projects/learn-tofu/zones/asia-south1-c/instances/my-tofu-machine","service_account":[],"shielded_instance_config":[{"enable_integrity_monitoring":true,"enable_secure_boot":false,"enable_vtpm":true}],"tags":[],"tags_fingerprint":"42WmSpB8rSM=","terraform_labels":{"goog-terraform-provisioned":"true"},"timeouts":null,"zone":"asia-south1-c"},"sensitive_attributes":[[{"type":"get_attr","value":"boot_disk"},{"type":"index","value":{"value":0,"type":"number"}},{"type":"get_attr","value":"disk_encryption_key_rsa"}],[{"type":"get_attr","value":"boot_disk"},{"type":"index","value":{"value":0,"type":"number"}},{"type":"get_attr","value":"disk_encryption_key_raw"}]],"private":"eyJlMmJmYjczMC1lY2FhLTExZTYtOGY4OC0zNDM2M2JjN2M0YzAiOnsiY3JlYXRlIjoxMjAwMDAwMDAwMDAwLCJkZWxldGUiOjEyMDAwMDAwMDAwMDAsInVwZGF0ZSI6MTIwMDAwMDAwMDAwMH0sInNjaGVtYV92ZXJzaW9uIjoiNiJ9"}]},{"mode":"managed","type":"google_compute_instance_group","name":"buzz","provider":"provider[\"registry.opentofu.org/hashicorp/google\"]","instances":[{"schema_version":2,"attributes":{"description":"","id":"projects/learn-tofu/zones/asia-south1-c/instanceGroups/buzz","instances":["https://www.googleapis.com/compute/v1/projects/learn-tofu/zones/asia-south1-c/instances/my-tofu-machine"],"name":"buzz","named_port":[],"network":"https://www.googleapis.com/compute/v1/projects/learn-tofu/global/networks/default","project":"learn-tofu","self_link":"https://www.googleapis.com/compute/v1/projects/learn-tofu/zones/asia-south1-c/instanceGroups/buzz","size":1,"timeouts":null,"zone":"asia-south1-c"},"sensitive_attributes":[],"private":"eyJlMmJmYjczMC1lY2FhLTExZTYtOGY4OC0zNDM2M2JjN2M0YzAiOnsiY3JlYXRlIjozNjAwMDAwMDAwMDAsImRlbGV0ZSI6MzYwMDAwMDAwMDAwLCJ1cGRhdGUiOjM2MDAwMDAwMDAwMH0sInNjaGVtYV92ZXJzaW9uIjoiMiJ9","dependencies":["google_compute_instance.app"]}]}],"check_results":null}
