{"version":4,"terraform_version":"1.9.0","serial":60,"lineage":"b6386e7f-5357-2624-ee09-cdd9c2d789d8","outputs":{},"resources":[{"mode":"data","type":"http","name":"todo","provider":"provider[\"registry.opentofu.org/hashicorp/http\"]","instances":[{"index_key":"2","schema_version":0,"attributes":{"body":"{\n  \"userId\": 1,\n  \"id\": 2,\n  \"title\": \"quis ut nam facilis et officia qui\",\n  \"completed\": false\n}","ca_cert_pem":null,"id":"https://jsonplaceholder.typicode.com/todos/2","insecure":null,"method":null,"request_body":null,"request_headers":null,"request_timeout_ms":null,"response_body":"{\n  \"userId\": 1,\n  \"id\": 2,\n  \"title\": \"quis ut nam facilis et officia qui\",\n  \"completed\": false\n}","response_body_base64":"ewogICJ1c2VySWQiOiAxLAogICJpZCI6IDIsCiAgInRpdGxlIjogInF1aXMgdXQgbmFtIGZhY2lsaXMgZXQgb2ZmaWNpYSBxdWkiLAogICJjb21wbGV0ZWQiOiBmYWxzZQp9","response_headers":{"Access-Control-Allow-Credentials":"true","Age":"18771","Alt-Svc":"h3=\":443\"; ma=86400","Cache-Control":"max-age=43200","Cf-Cache-Status":"HIT","Cf-Ray":"92c8ae551c7aff66-BOM","Content-Type":"application/json; charset=utf-8","Date":"Mon, 07 Apr 2025 10:00:58 GMT","Etag":"W/\"63-+s0zIP5ZEQN9hypVJUneLybJ+L0\"","Expires":"-1","Nel":"{\"report_to\":\"heroku-nel\",\"max_age\":3600,\"success_fraction\":0.005,\"failure_fraction\":0.05,\"response_headers\":[\"Via\"]}","Pragma":"no-cache","Report-To":"{\"group\":\"heroku-nel\",\"max_age\":3600,\"endpoints\":[{\"url\":\"https://nel.heroku.com/reports?ts=1743820219\u0026sid=e11707d5-02a7-43ef-b45e-2cf4d2036f7d\u0026s=Bi6btNmQVuo6JPFsE4BPWW9FAcSJmIngGevyb9tnxCQ%3D\"}]}","Reporting-Endpoints":"heroku-nel=https://nel.heroku.com/reports?ts=1743820219\u0026sid=e11707d5-02a7-43ef-b45e-2cf4d2036f7d\u0026s=Bi6btNmQVuo6JPFsE4BPWW9FAcSJmIngGevyb9tnxCQ%3D","Server":"cloudflare","Server-Timing":"cfL4;desc=\"?proto=TCP\u0026rtt=0\u0026min_rtt=0\u0026rtt_var=0\u0026sent=0\u0026recv=0\u0026lost=0\u0026retrans=0\u0026sent_bytes=0\u0026recv_bytes=0\u0026delivery_rate=0\u0026cwnd=0\u0026unsent_bytes=0\u0026cid=eb6cd8422034fe7e\u0026ts=40\u0026x=0\"","Vary":"Origin, Accept-Encoding","Via":"1.1 vegur","X-Content-Type-Options":"nosniff","X-Powered-By":"Express","X-Ratelimit-Limit":"1000","X-Ratelimit-Remaining":"999","X-Ratelimit-Reset":"1743820222"},"retry":null,"status_code":200,"url":"https://jsonplaceholder.typicode.com/todos/2"},"sensitive_attributes":[]}]},{"mode":"managed","type":"google_storage_bucket","name":"foo","provider":"provider[\"registry.opentofu.org/hashicorp/google\"]","instances":[{"schema_version":3,"attributes":{"autoclass":[],"cors":[],"custom_placement_config":[],"default_event_based_hold":false,"effective_labels":{"goog-terraform-provisioned":"true"},"enable_object_retention":false,"encryption":[],"force_destroy":true,"hierarchical_namespace":[{"enabled":true}],"id":"open_tofu_foo","labels":{},"lifecycle_rule":[],"location":"ASIA","logging":[],"name":"open_tofu_foo","project":"learn-tofu","project_number":455926686695,"public_access_prevention":"inherited","requester_pays":false,"retention_policy":[],"rpo":"DEFAULT","self_link":"https://www.googleapis.com/storage/v1/b/open_tofu_foo","soft_delete_policy":[{"effective_time":"2025-04-07T09:40:39.413Z","retention_duration_seconds":604800}],"storage_class":"STANDARD","terraform_labels":{"goog-terraform-provisioned":"true"},"timeouts":null,"uniform_bucket_level_access":true,"url":"gs://open_tofu_foo","versioning":[],"website":[]},"sensitive_attributes":[],"private":"eyJlMmJmYjczMC1lY2FhLTExZTYtOGY4OC0zNDM2M2JjN2M0YzAiOnsiY3JlYXRlIjo2MDAwMDAwMDAwMDAsInJlYWQiOjI0MDAwMDAwMDAwMCwidXBkYXRlIjoyNDAwMDAwMDAwMDB9LCJzY2hlbWFfdmVyc2lvbiI6IjMifQ=="}]},{"mode":"managed","type":"google_storage_folder","name":"test","provider":"provider[\"registry.opentofu.org/hashicorp/google\"]","instances":[{"index_key":"f_1","schema_version":0,"attributes":{"bucket":"open_tofu_foo","create_time":"2025-04-07T09:40:41.975Z","force_destroy":false,"id":"open_tofu_foo/f_1/","metageneration":"1","name":"f_1/","self_link":"https://www.googleapis.com/storage/v1/b/open_tofu_foo/folders/f_1%2F","timeouts":null,"update_time":"2025-04-07T09:40:41.975Z"},"sensitive_attributes":[],"private":"eyJlMmJmYjczMC1lY2FhLTExZTYtOGY4OC0zNDM2M2JjN2M0YzAiOnsiY3JlYXRlIjoxMjAwMDAwMDAwMDAwLCJkZWxldGUiOjEyMDAwMDAwMDAwMDAsInVwZGF0ZSI6MTIwMDAwMDAwMDAwMH19","dependencies":["google_storage_bucket.foo"]},{"index_key":"f_2","schema_version":0,"attributes":{"bucket":"open_tofu_foo","create_time":"2025-04-07T09:40:41.913Z","force_destroy":false,"id":"open_tofu_foo/f_2/","metageneration":"1","name":"f_2/","self_link":"https://www.googleapis.com/storage/v1/b/open_tofu_foo/folders/f_2%2F","timeouts":null,"update_time":"2025-04-07T09:40:41.913Z"},"sensitive_attributes":[],"private":"eyJlMmJmYjczMC1lY2FhLTExZTYtOGY4OC0zNDM2M2JjN2M0YzAiOnsiY3JlYXRlIjoxMjAwMDAwMDAwMDAwLCJkZWxldGUiOjEyMDAwMDAwMDAwMDAsInVwZGF0ZSI6MTIwMDAwMDAwMDAwMH19","dependencies":["google_storage_bucket.foo"]}]}],"check_results":null}
