{"version":4,"terraform_version":"1.9.0","serial":36,"lineage":"b6386e7f-5357-2624-ee09-cdd9c2d789d8","outputs":{},"resources":[{"mode":"data","type":"http","name":"todo","provider":"provider[\"registry.opentofu.org/hashicorp/http\"]","instances":[{"index_key":"1","schema_version":0,"attributes":{"body":"{\n  \"userId\": 1,\n  \"id\": 1,\n  \"title\": \"delectus aut autem\",\n  \"completed\": false\n}","ca_cert_pem":null,"id":"https://jsonplaceholder.typicode.com/todos/1","insecure":null,"method":null,"request_body":null,"request_headers":null,"request_timeout_ms":null,"response_body":"{\n  \"userId\": 1,\n  \"id\": 1,\n  \"title\": \"delectus aut autem\",\n  \"completed\": false\n}","response_body_base64":"ewogICJ1c2VySWQiOiAxLAogICJpZCI6IDEsCiAgInRpdGxlIjogImRlbGVjdHVzIGF1dCBhdXRlbSIsCiAgImNvbXBsZXRlZCI6IGZhbHNlCn0=","response_headers":{"Access-Control-Allow-Credentials":"true","Age":"28182","Alt-Svc":"h3=\":443\"; ma=86400","Cache-Control":"max-age=43200","Cf-Cache-Status":"HIT","Cf-Ray":"92c881f6fb29ff66-BOM","Content-Type":"application/json; charset=utf-8","Date":"Mon, 07 Apr 2025 09:30:41 GMT","Etag":"W/\"53-hfEnumeNh6YirfjyjaujcOPPT+s\"","Expires":"-1","Nel":"{\"report_to\":\"heroku-nel\",\"max_age\":3600,\"success_fraction\":0.005,\"failure_fraction\":0.05,\"response_headers\":[\"Via\"]}","Pragma":"no-cache","Report-To":"{\"group\":\"heroku-nel\",\"max_age\":3600,\"endpoints\":[{\"url\":\"https://nel.heroku.com/reports?ts=1743615643\u0026sid=e11707d5-02a7-43ef-b45e-2cf4d2036f7d\u0026s=WgSwSME6XIhkKZ0uH6NZpIOmAjVrJXKgqWwMw5Npihg%3D\"}]}","Reporting-Endpoints":"heroku-nel=https://nel.heroku.com/reports?ts=1743615643\u0026sid=e11707d5-02a7-43ef-b45e-2cf4d2036f7d\u0026s=WgSwSME6XIhkKZ0uH6NZpIOmAjVrJXKgqWwMw5Npihg%3D","Server":"cloudflare","Server-Timing":"cfL4;desc=\"?proto=TCP\u0026rtt=0\u0026min_rtt=0\u0026rtt_var=0\u0026sent=0\u0026recv=0\u0026lost=0\u0026retrans=0\u0026sent_bytes=0\u0026recv_bytes=0\u0026delivery_rate=0\u0026cwnd=0\u0026unsent_bytes=0\u0026cid=e76f2d8b4dd9b879\u0026ts=48\u0026x=0\"","Vary":"Origin, Accept-Encoding","Via":"1.1 vegur","X-Content-Type-Options":"nosniff","X-Powered-By":"Express","X-Ratelimit-Limit":"1000","X-Ratelimit-Remaining":"999","X-Ratelimit-Reset":"1743615658"},"retry":null,"status_code":200,"url":"https://jsonplaceholder.typicode.com/todos/1"},"sensitive_attributes":[]},{"index_key":"4","schema_version":0,"attributes":{"body":"{\n  \"userId\": 1,\n  \"id\": 4,\n  \"title\": \"et porro tempora\",\n  \"completed\": true\n}","ca_cert_pem":null,"id":"https://jsonplaceholder.typicode.com/todos/4","insecure":null,"method":null,"request_body":null,"request_headers":null,"request_timeout_ms":null,"response_body":"{\n  \"userId\": 1,\n  \"id\": 4,\n  \"title\": \"et porro tempora\",\n  \"completed\": true\n}","response_body_base64":"ewogICJ1c2VySWQiOiAxLAogICJpZCI6IDQsCiAgInRpdGxlIjogImV0IHBvcnJvIHRlbXBvcmEiLAogICJjb21wbGV0ZWQiOiB0cnVlCn0=","response_headers":{"Access-Control-Allow-Credentials":"true","Age":"20213","Alt-Svc":"h3=\":443\"; ma=86400","Cache-Control":"max-age=43200","Cf-Cache-Status":"HIT","Cf-Ray":"92c881f6fb2aff66-BOM","Content-Type":"application/json; charset=utf-8","Date":"Mon, 07 Apr 2025 09:30:41 GMT","Etag":"W/\"50-kUUZkq445XUSbas/qSupNp/ifQI\"","Expires":"-1","Nel":"{\"report_to\":\"heroku-nel\",\"max_age\":3600,\"success_fraction\":0.005,\"failure_fraction\":0.05,\"response_headers\":[\"Via\"]}","Pragma":"no-cache","Report-To":"{\"group\":\"heroku-nel\",\"max_age\":3600,\"endpoints\":[{\"url\":\"https://nel.heroku.com/reports?ts=1743866083\u0026sid=e11707d5-02a7-43ef-b45e-2cf4d2036f7d\u0026s=4LGf3XPnmiDqcJfTkcNrkwj4I9Sr1LHyakmirLz6h9E%3D\"}]}","Reporting-Endpoints":"heroku-nel=https://nel.heroku.com/reports?ts=1743866083\u0026sid=e11707d5-02a7-43ef-b45e-2cf4d2036f7d\u0026s=4LGf3XPnmiDqcJfTkcNrkwj4I9Sr1LHyakmirLz6h9E%3D","Server":"cloudflare","Server-Timing":"cfL4;desc=\"?proto=TCP\u0026rtt=0\u0026min_rtt=0\u0026rtt_var=0\u0026sent=0\u0026recv=0\u0026lost=0\u0026retrans=0\u0026sent_bytes=0\u0026recv_bytes=0\u0026delivery_rate=0\u0026cwnd=0\u0026unsent_bytes=0\u0026cid=19fcc9c08bbbbd3e\u0026ts=45\u0026x=0\"","Vary":"Origin, Accept-Encoding","Via":"1.1 vegur","X-Content-Type-Options":"nosniff","X-Powered-By":"Express","X-Ratelimit-Limit":"1000","X-Ratelimit-Remaining":"999","X-Ratelimit-Reset":"1743866091"},"retry":null,"status_code":200,"url":"https://jsonplaceholder.typicode.com/todos/4"},"sensitive_attributes":[]},{"index_key":"6","schema_version":0,"attributes":{"body":"{\n  \"userId\": 1,\n  \"id\": 6,\n  \"title\": \"qui ullam ratione quibusdam voluptatem quia omnis\",\n  \"completed\": false\n}","ca_cert_pem":null,"id":"https://jsonplaceholder.typicode.com/todos/6","insecure":null,"method":null,"request_body":null,"request_headers":null,"request_timeout_ms":null,"response_body":"{\n  \"userId\": 1,\n  \"id\": 6,\n  \"title\": \"qui ullam ratione quibusdam voluptatem quia omnis\",\n  \"completed\": false\n}","response_body_base64":"ewogICJ1c2VySWQiOiAxLAogICJpZCI6IDYsCiAgInRpdGxlIjogInF1aSB1bGxhbSByYXRpb25lIHF1aWJ1c2RhbSB2b2x1cHRhdGVtIHF1aWEgb21uaXMiLAogICJjb21wbGV0ZWQiOiBmYWxzZQp9","response_headers":{"Access-Control-Allow-Credentials":"true","Age":"20213","Alt-Svc":"h3=\":443\"; ma=86400","Cache-Control":"max-age=43200","Cf-Cache-Status":"HIT","Cf-Ray":"92c881f6fb2bff66-BOM","Content-Type":"application/json; charset=utf-8","Date":"Mon, 07 Apr 2025 09:30:41 GMT","Etag":"W/\"72-yfiIPXjthTBh1/X1p+FVUbIXZKU\"","Expires":"-1","Nel":"{\"report_to\":\"heroku-nel\",\"max_age\":3600,\"success_fraction\":0.005,\"failure_fraction\":0.05,\"response_headers\":[\"Via\"]}","Pragma":"no-cache","Report-To":"{\"group\":\"heroku-nel\",\"max_age\":3600,\"endpoints\":[{\"url\":\"https://nel.heroku.com/reports?ts=1742051813\u0026sid=e11707d5-02a7-43ef-b45e-2cf4d2036f7d\u0026s=rNqZJ8AFiF3%2F5uPIoI3zPAyOtGxGNj37KZiBVc0DhE4%3D\"}]}","Reporting-Endpoints":"heroku-nel=https://nel.heroku.com/reports?ts=1742051813\u0026sid=e11707d5-02a7-43ef-b45e-2cf4d2036f7d\u0026s=rNqZJ8AFiF3%2F5uPIoI3zPAyOtGxGNj37KZiBVc0DhE4%3D","Server":"cloudflare","Server-Timing":"cfL4;desc=\"?proto=TCP\u0026rtt=0\u0026min_rtt=0\u0026rtt_var=0\u0026sent=0\u0026recv=0\u0026lost=0\u0026retrans=0\u0026sent_bytes=0\u0026recv_bytes=0\u0026delivery_rate=0\u0026cwnd=0\u0026unsent_bytes=0\u0026cid=5d3f7cf8879e4ac9\u0026ts=97\u0026x=0\"","Vary":"Origin, Accept-Encoding","Via":"1.1 vegur","X-Content-Type-Options":"nosniff","X-Powered-By":"Express","X-Ratelimit-Limit":"1000","X-Ratelimit-Remaining":"999","X-Ratelimit-Reset":"1742051849"},"retry":null,"status_code":200,"url":"https://jsonplaceholder.typicode.com/todos/6"},"sensitive_attributes":[]}]},{"mode":"managed","type":"google_storage_bucket","name":"foo","provider":"provider[\"registry.opentofu.org/hashicorp/google\"]","instances":[{"schema_version":3,"attributes":{"autoclass":[],"cors":[],"custom_placement_config":[],"default_event_based_hold":false,"effective_labels":{"goog-terraform-provisioned":"true"},"enable_object_retention":false,"encryption":[],"force_destroy":true,"hierarchical_namespace":[{"enabled":true}],"id":"open_tofu_foo","labels":{},"lifecycle_rule":[],"location":"ASIA","logging":[],"name":"open_tofu_foo","project":"learn-tofu","project_number":455926686695,"public_access_prevention":"inherited","requester_pays":false,"retention_policy":[],"rpo":"DEFAULT","self_link":"https://www.googleapis.com/storage/v1/b/open_tofu_foo","soft_delete_policy":[{"effective_time":"2025-04-07T09:15:02.806Z","retention_duration_seconds":604800}],"storage_class":"STANDARD","terraform_labels":{"goog-terraform-provisioned":"true"},"timeouts":null,"uniform_bucket_level_access":true,"url":"gs://open_tofu_foo","versioning":[],"website":[]},"sensitive_attributes":[],"private":"eyJlMmJmYjczMC1lY2FhLTExZTYtOGY4OC0zNDM2M2JjN2M0YzAiOnsiY3JlYXRlIjo2MDAwMDAwMDAwMDAsInJlYWQiOjI0MDAwMDAwMDAwMCwidXBkYXRlIjoyNDAwMDAwMDAwMDB9LCJzY2hlbWFfdmVyc2lvbiI6IjMifQ=="}]},{"mode":"managed","type":"google_storage_bucket_object","name":"todo_data","provider":"provider[\"registry.opentofu.org/hashicorp/google\"]","instances":[{"index_key":"1","schema_version":0,"attributes":{"bucket":"open_tofu_foo","cache_control":"","content":"{\n  \"userId\": 1,\n  \"id\": 1,\n  \"title\": \"delectus aut autem\",\n  \"completed\": false\n}","content_disposition":"","content_encoding":"","content_language":"","content_type":"text/plain; charset=utf-8","crc32c":"kH6S8A==","customer_encryption":[],"detect_md5hash":"w1rXWsnDUHotITs5Dtf1Dw==","event_based_hold":false,"generation":1744018109189062,"id":"open_tofu_foo-f_1/todo:1","kms_key_name":"","md5hash":"w1rXWsnDUHotITs5Dtf1Dw==","media_link":"https://storage.googleapis.com/download/storage/v1/b/open_tofu_foo/o/f_1%2Ftodo:1?generation=1744018109189062\u0026alt=media","metadata":{},"name":"f_1/todo:1","output_name":"f_1/todo:1","retention":[],"self_link":"https://www.googleapis.com/storage/v1/b/open_tofu_foo/o/f_1%2Ftodo:1","source":null,"storage_class":"STANDARD","temporary_hold":false,"timeouts":null},"sensitive_attributes":[[{"type":"get_attr","value":"content"}]],"private":"eyJlMmJmYjczMC1lY2FhLTExZTYtOGY4OC0zNDM2M2JjN2M0YzAiOnsiY3JlYXRlIjoyNDAwMDAwMDAwMDAsImRlbGV0ZSI6MjQwMDAwMDAwMDAwLCJ1cGRhdGUiOjI0MDAwMDAwMDAwMH19","dependencies":["data.http.todo","google_storage_bucket.foo"]},{"index_key":"4","schema_version":0,"attributes":{"bucket":"open_tofu_foo","cache_control":"","content":"{\n  \"userId\": 1,\n  \"id\": 4,\n  \"title\": \"et porro tempora\",\n  \"completed\": true\n}","content_disposition":"","content_encoding":"","content_language":"","content_type":"text/plain; charset=utf-8","crc32c":"U159pw==","customer_encryption":[],"detect_md5hash":"I1Dpwd3Hj/bEHqx+8guaxw==","event_based_hold":false,"generation":1744018245720043,"id":"open_tofu_foo-f_1/todo:4","kms_key_name":"","md5hash":"I1Dpwd3Hj/bEHqx+8guaxw==","media_link":"https://storage.googleapis.com/download/storage/v1/b/open_tofu_foo/o/f_1%2Ftodo:4?generation=1744018245720043\u0026alt=media","metadata":null,"name":"f_1/todo:4","output_name":"f_1/todo:4","retention":[],"self_link":"https://www.googleapis.com/storage/v1/b/open_tofu_foo/o/f_1%2Ftodo:4","source":null,"storage_class":"STANDARD","temporary_hold":false,"timeouts":null},"sensitive_attributes":[[{"type":"get_attr","value":"content"}]],"private":"eyJlMmJmYjczMC1lY2FhLTExZTYtOGY4OC0zNDM2M2JjN2M0YzAiOnsiY3JlYXRlIjoyNDAwMDAwMDAwMDAsImRlbGV0ZSI6MjQwMDAwMDAwMDAwLCJ1cGRhdGUiOjI0MDAwMDAwMDAwMH19","dependencies":["data.http.todo","google_storage_bucket.foo"]},{"index_key":"6","schema_version":0,"attributes":{"bucket":"open_tofu_foo","cache_control":"","content":"{\n  \"userId\": 1,\n  \"id\": 6,\n  \"title\": \"qui ullam ratione quibusdam voluptatem quia omnis\",\n  \"completed\": false\n}","content_disposition":"","content_encoding":"","content_language":"","content_type":"text/plain; charset=utf-8","crc32c":"gTDbAg==","customer_encryption":[],"detect_md5hash":"D9kRE9j5y7nKE/0nUyN0ww==","event_based_hold":false,"generation":1744018245722349,"id":"open_tofu_foo-f_1/todo:6","kms_key_name":"","md5hash":"D9kRE9j5y7nKE/0nUyN0ww==","media_link":"https://storage.googleapis.com/download/storage/v1/b/open_tofu_foo/o/f_1%2Ftodo:6?generation=1744018245722349\u0026alt=media","metadata":null,"name":"f_1/todo:6","output_name":"f_1/todo:6","retention":[],"self_link":"https://www.googleapis.com/storage/v1/b/open_tofu_foo/o/f_1%2Ftodo:6","source":null,"storage_class":"STANDARD","temporary_hold":false,"timeouts":null},"sensitive_attributes":[[{"type":"get_attr","value":"content"}]],"private":"eyJlMmJmYjczMC1lY2FhLTExZTYtOGY4OC0zNDM2M2JjN2M0YzAiOnsiY3JlYXRlIjoyNDAwMDAwMDAwMDAsImRlbGV0ZSI6MjQwMDAwMDAwMDAwLCJ1cGRhdGUiOjI0MDAwMDAwMDAwMH19","dependencies":["data.http.todo","google_storage_bucket.foo"]}]},{"mode":"managed","type":"google_storage_folder","name":"test","provider":"provider[\"registry.opentofu.org/hashicorp/google\"]","instances":[{"index_key":"f_1","schema_version":0,"attributes":{"bucket":"open_tofu_foo","create_time":"2025-04-07T09:15:05.208Z","force_destroy":false,"id":"open_tofu_foo/f_1/","metageneration":"1","name":"f_1/","self_link":"https://www.googleapis.com/storage/v1/b/open_tofu_foo/folders/f_1%2F","timeouts":null,"update_time":"2025-04-07T09:15:05.208Z"},"sensitive_attributes":[],"private":"eyJlMmJmYjczMC1lY2FhLTExZTYtOGY4OC0zNDM2M2JjN2M0YzAiOnsiY3JlYXRlIjoxMjAwMDAwMDAwMDAwLCJkZWxldGUiOjEyMDAwMDAwMDAwMDAsInVwZGF0ZSI6MTIwMDAwMDAwMDAwMH19","dependencies":["google_storage_bucket.foo"]},{"index_key":"f_2","schema_version":0,"attributes":{"bucket":"open_tofu_foo","create_time":"2025-04-07T09:15:05.228Z","force_destroy":false,"id":"open_tofu_foo/f_2/","metageneration":"1","name":"f_2/","self_link":"https://www.googleapis.com/storage/v1/b/open_tofu_foo/folders/f_2%2F","timeouts":null,"update_time":"2025-04-07T09:15:05.228Z"},"sensitive_attributes":[],"private":"eyJlMmJmYjczMC1lY2FhLTExZTYtOGY4OC0zNDM2M2JjN2M0YzAiOnsiY3JlYXRlIjoxMjAwMDAwMDAwMDAwLCJkZWxldGUiOjEyMDAwMDAwMDAwMDAsInVwZGF0ZSI6MTIwMDAwMDAwMDAwMH19","dependencies":["google_storage_bucket.foo"]}]}],"check_results":null}
