{"version":4,"terraform_version":"1.9.0","serial":26,"lineage":"b6386e7f-5357-2624-ee09-cdd9c2d789d8","outputs":{},"resources":[{"mode":"managed","type":"google_storage_bucket","name":"foo","provider":"provider[\"registry.opentofu.org/hashicorp/google\"]","instances":[{"schema_version":3,"attributes":{"autoclass":[],"cors":[],"custom_placement_config":[],"default_event_based_hold":false,"effective_labels":{"goog-terraform-provisioned":"true"},"enable_object_retention":false,"encryption":[],"force_destroy":true,"hierarchical_namespace":[{"enabled":true}],"id":"open_tofu_foo","labels":{},"lifecycle_rule":[],"location":"ASIA","logging":[],"name":"open_tofu_foo","project":"learn-tofu","project_number":455926686695,"public_access_prevention":"inherited","requester_pays":false,"retention_policy":[],"rpo":"DEFAULT","self_link":"https://www.googleapis.com/storage/v1/b/open_tofu_foo","soft_delete_policy":[{"effective_time":"2025-04-06T17:23:43.295Z","retention_duration_seconds":604800}],"storage_class":"STANDARD","terraform_labels":{"goog-terraform-provisioned":"true"},"timeouts":null,"uniform_bucket_level_access":true,"url":"gs://open_tofu_foo","versioning":[],"website":[]},"sensitive_attributes":[],"private":"eyJlMmJmYjczMC1lY2FhLTExZTYtOGY4OC0zNDM2M2JjN2M0YzAiOnsiY3JlYXRlIjo2MDAwMDAwMDAwMDAsInJlYWQiOjI0MDAwMDAwMDAwMCwidXBkYXRlIjoyNDAwMDAwMDAwMDB9LCJzY2hlbWFfdmVyc2lvbiI6IjMifQ=="}]},{"mode":"managed","type":"google_storage_folder","name":"test","provider":"provider[\"registry.opentofu.org/hashicorp/google\"]","instances":[{"index_key":"f_1","schema_version":0,"attributes":{"bucket":"open_tofu_foo","create_time":"2025-04-06T17:25:41.482Z","force_destroy":false,"id":"open_tofu_foo/f_1/","metageneration":"1","name":"f_1/","self_link":"https://www.googleapis.com/storage/v1/b/open_tofu_foo/folders/f_1%2F","timeouts":null,"update_time":"2025-04-06T17:25:41.482Z"},"sensitive_attributes":[],"private":"eyJlMmJmYjczMC1lY2FhLTExZTYtOGY4OC0zNDM2M2JjN2M0YzAiOnsiY3JlYXRlIjoxMjAwMDAwMDAwMDAwLCJkZWxldGUiOjEyMDAwMDAwMDAwMDAsInVwZGF0ZSI6MTIwMDAwMDAwMDAwMH19","dependencies":["google_storage_bucket.foo"]},{"index_key":"f_2","schema_version":0,"attributes":{"bucket":"open_tofu_foo","create_time":"2025-04-06T17:25:41.491Z","force_destroy":false,"id":"open_tofu_foo/f_2/","metageneration":"1","name":"f_2/","self_link":"https://www.googleapis.com/storage/v1/b/open_tofu_foo/folders/f_2%2F","timeouts":null,"update_time":"2025-04-06T17:25:41.491Z"},"sensitive_attributes":[],"private":"eyJlMmJmYjczMC1lY2FhLTExZTYtOGY4OC0zNDM2M2JjN2M0YzAiOnsiY3JlYXRlIjoxMjAwMDAwMDAwMDAwLCJkZWxldGUiOjEyMDAwMDAwMDAwMDAsInVwZGF0ZSI6MTIwMDAwMDAwMDAwMH19","dependencies":["google_storage_bucket.foo"]}]}],"check_results":null}
