{"version":4,"terraform_version":"1.9.0","serial":64,"lineage":"b6386e7f-5357-2624-ee09-cdd9c2d789d8","outputs":{"folders":{"value":{"autoclass":[],"cors":[],"custom_placement_config":[],"default_event_based_hold":false,"effective_labels":{"goog-terraform-provisioned":"true"},"enable_object_retention":false,"encryption":[],"force_destroy":true,"hierarchical_namespace":[{"enabled":true}],"id":"open_tofu_foo","labels":{},"lifecycle_rule":[],"location":"ASIA","logging":[],"name":"open_tofu_foo","project":"learn-tofu","project_number":455926686695,"public_access_prevention":"inherited","requester_pays":false,"retention_policy":[],"rpo":"DEFAULT","self_link":"https://www.googleapis.com/storage/v1/b/open_tofu_foo","soft_delete_policy":[{"effective_time":"2025-04-07T11:08:13.576Z","retention_duration_seconds":604800}],"storage_class":"COLDLINE","terraform_labels":{"goog-terraform-provisioned":"true"},"timeouts":null,"uniform_bucket_level_access":true,"url":"gs://open_tofu_foo","versioning":[],"website":[]},"type":["object",{"autoclass":["list",["object",{"enabled":"bool","terminal_storage_class":"string"}]],"cors":["list",["object",{"max_age_seconds":"number","method":["list","string"],"origin":["list","string"],"response_header":["list","string"]}]],"custom_placement_config":["list",["object",{"data_locations":["set","string"]}]],"default_event_based_hold":"bool","effective_labels":["map","string"],"enable_object_retention":"bool","encryption":["list",["object",{"default_kms_key_name":"string"}]],"force_destroy":"bool","hierarchical_namespace":["list",["object",{"enabled":"bool"}]],"id":"string","labels":["map","string"],"lifecycle_rule":["list",["object",{"action":["set",["object",{"storage_class":"string","type":"string"}]],"condition":["set",["object",{"age":"number","created_before":"string","custom_time_before":"string","days_since_custom_time":"number","days_since_noncurrent_time":"number","matches_prefix":["list","string"],"matches_storage_class":["list","string"],"matches_suffix":["list","string"],"noncurrent_time_before":"string","num_newer_versions":"number","send_age_if_zero":"bool","send_days_since_custom_time_if_zero":"bool","send_days_since_noncurrent_time_if_zero":"bool","send_num_newer_versions_if_zero":"bool","with_state":"string"}]]}]],"location":"string","logging":["list",["object",{"log_bucket":"string","log_object_prefix":"string"}]],"name":"string","project":"string","project_number":"number","public_access_prevention":"string","requester_pays":"bool","retention_policy":["list",["object",{"is_locked":"bool","retention_period":"number"}]],"rpo":"string","self_link":"string","soft_delete_policy":["list",["object",{"effective_time":"string","retention_duration_seconds":"number"}]],"storage_class":"string","terraform_labels":["map","string"],"timeouts":["object",{"create":"string","read":"string","update":"string"}],"uniform_bucket_level_access":"bool","url":"string","versioning":["list",["object",{"enabled":"bool"}]],"website":["list",["object",{"main_page_suffix":"string","not_found_page":"string"}]]}]}},"resources":[{"mode":"data","type":"http","name":"todo","provider":"provider[\"registry.opentofu.org/hashicorp/http\"]","instances":[{"index_key":"11","schema_version":0,"attributes":{"body":"{\n  \"userId\": 1,\n  \"id\": 11,\n  \"title\": \"vero rerum temporibus dolor\",\n  \"completed\": true\n}","ca_cert_pem":null,"id":"https://jsonplaceholder.typicode.com/todos/11","insecure":null,"method":null,"request_body":null,"request_headers":null,"request_timeout_ms":null,"response_body":"{\n  \"userId\": 1,\n  \"id\": 11,\n  \"title\": \"vero rerum temporibus dolor\",\n  \"completed\": true\n}","response_body_base64":"ewogICJ1c2VySWQiOiAxLAogICJpZCI6IDExLAogICJ0aXRsZSI6ICJ2ZXJvIHJlcnVtIHRlbXBvcmlidXMgZG9sb3IiLAogICJjb21wbGV0ZWQiOiB0cnVlCn0=","response_headers":{"Access-Control-Allow-Credentials":"true","Age":"26299","Alt-Svc":"h3=\":443\"; ma=86400","Cache-Control":"max-age=43200","Cf-Cache-Status":"HIT","Cf-Ray":"92c916911a93f30b-BOM","Content-Type":"application/json; charset=utf-8","Date":"Mon, 07 Apr 2025 11:12:07 GMT","Etag":"W/\"5c-lL7MzGOjV48O1UKK46bloDDxoJ0\"","Expires":"-1","Nel":"{\"report_to\":\"heroku-nel\",\"max_age\":3600,\"success_fraction\":0.005,\"failure_fraction\":0.05,\"response_headers\":[\"Via\"]}","Pragma":"no-cache","Report-To":"{\"group\":\"heroku-nel\",\"max_age\":3600,\"endpoints\":[{\"url\":\"https://nel.heroku.com/reports?ts=1743950615\u0026sid=e11707d5-02a7-43ef-b45e-2cf4d2036f7d\u0026s=2GfKeSdKPlSSQYTVwm4ylYlzLEX64%2B8oFDWACinLasQ%3D\"}]}","Reporting-Endpoints":"heroku-nel=https://nel.heroku.com/reports?ts=1743950615\u0026sid=e11707d5-02a7-43ef-b45e-2cf4d2036f7d\u0026s=2GfKeSdKPlSSQYTVwm4ylYlzLEX64%2B8oFDWACinLasQ%3D","Server":"cloudflare","Server-Timing":"cfL4;desc=\"?proto=TCP\u0026rtt=0\u0026min_rtt=0\u0026rtt_var=0\u0026sent=0\u0026recv=0\u0026lost=0\u0026retrans=0\u0026sent_bytes=0\u0026recv_bytes=0\u0026delivery_rate=0\u0026cwnd=0\u0026unsent_bytes=0\u0026cid=ced4dbbfb6515051\u0026ts=58\u0026x=0\"","Vary":"Origin, Accept-Encoding","Via":"1.1 vegur","X-Content-Type-Options":"nosniff","X-Powered-By":"Express","X-Ratelimit-Limit":"1000","X-Ratelimit-Remaining":"909","X-Ratelimit-Reset":"1743950658"},"retry":null,"status_code":200,"url":"https://jsonplaceholder.typicode.com/todos/11"},"sensitive_attributes":[]},{"index_key":"22","schema_version":0,"attributes":{"body":"{\n  \"userId\": 2,\n  \"id\": 22,\n  \"title\": \"distinctio vitae autem nihil ut molestias quo\",\n  \"completed\": true\n}","ca_cert_pem":null,"id":"https://jsonplaceholder.typicode.com/todos/22","insecure":null,"method":null,"request_body":null,"request_headers":null,"request_timeout_ms":null,"response_body":"{\n  \"userId\": 2,\n  \"id\": 22,\n  \"title\": \"distinctio vitae autem nihil ut molestias quo\",\n  \"completed\": true\n}","response_body_base64":"ewogICJ1c2VySWQiOiAyLAogICJpZCI6IDIyLAogICJ0aXRsZSI6ICJkaXN0aW5jdGlvIHZpdGFlIGF1dGVtIG5paGlsIHV0IG1vbGVzdGlhcyBxdW8iLAogICJjb21wbGV0ZWQiOiB0cnVlCn0=","response_headers":{"Access-Control-Allow-Credentials":"true","Age":"5144","Alt-Svc":"h3=\":443\"; ma=86400","Cache-Control":"max-age=43200","Cf-Cache-Status":"HIT","Cf-Ray":"92c916911a8ff30b-BOM","Content-Type":"application/json; charset=utf-8","Date":"Mon, 07 Apr 2025 11:12:07 GMT","Etag":"W/\"6e-lPYhTJv0/TCQW40V0LALLCAar6o\"","Expires":"-1","Nel":"{\"report_to\":\"heroku-nel\",\"max_age\":3600,\"success_fraction\":0.005,\"failure_fraction\":0.05,\"response_headers\":[\"Via\"]}","Pragma":"no-cache","Report-To":"{\"group\":\"heroku-nel\",\"max_age\":3600,\"endpoints\":[{\"url\":\"https://nel.heroku.com/reports?ts=1743950616\u0026sid=e11707d5-02a7-43ef-b45e-2cf4d2036f7d\u0026s=K2U8C5W2pqCfTjV9l57TAL8siducbtxft5Ie52%2BqM%2Fo%3D\"}]}","Reporting-Endpoints":"heroku-nel=https://nel.heroku.com/reports?ts=1743950616\u0026sid=e11707d5-02a7-43ef-b45e-2cf4d2036f7d\u0026s=K2U8C5W2pqCfTjV9l57TAL8siducbtxft5Ie52%2BqM%2Fo%3D","Server":"cloudflare","Server-Timing":"cfL4;desc=\"?proto=TCP\u0026rtt=0\u0026min_rtt=0\u0026rtt_var=0\u0026sent=0\u0026recv=0\u0026lost=0\u0026retrans=0\u0026sent_bytes=0\u0026recv_bytes=0\u0026delivery_rate=0\u0026cwnd=0\u0026unsent_bytes=0\u0026cid=534d28f7fdc595f9\u0026ts=56\u0026x=0\"","Vary":"Origin, Accept-Encoding","Via":"1.1 vegur","X-Content-Type-Options":"nosniff","X-Powered-By":"Express","X-Ratelimit-Limit":"1000","X-Ratelimit-Remaining":"868","X-Ratelimit-Reset":"1743950658"},"retry":null,"status_code":200,"url":"https://jsonplaceholder.typicode.com/todos/22"},"sensitive_attributes":[]},{"index_key":"33","schema_version":0,"attributes":{"body":"{\n  \"userId\": 2,\n  \"id\": 33,\n  \"title\": \"sint sit aut vero\",\n  \"completed\": false\n}","ca_cert_pem":null,"id":"https://jsonplaceholder.typicode.com/todos/33","insecure":null,"method":null,"request_body":null,"request_headers":null,"request_timeout_ms":null,"response_body":"{\n  \"userId\": 2,\n  \"id\": 33,\n  \"title\": \"sint sit aut vero\",\n  \"completed\": false\n}","response_body_base64":"ewogICJ1c2VySWQiOiAyLAogICJpZCI6IDMzLAogICJ0aXRsZSI6ICJzaW50IHNpdCBhdXQgdmVybyIsCiAgImNvbXBsZXRlZCI6IGZhbHNlCn0=","response_headers":{"Access-Control-Allow-Credentials":"true","Alt-Svc":"h3=\":443\"; ma=86400","Cache-Control":"max-age=43200","Cf-Cache-Status":"REVALIDATED","Cf-Ray":"92c916911a91f30b-BOM","Content-Type":"application/json; charset=utf-8","Date":"Mon, 07 Apr 2025 11:12:08 GMT","Etag":"W/\"53-ToRbxPpudrz8uec5be3t/iLyeCw\"","Expires":"-1","Nel":"{\"report_to\":\"heroku-nel\",\"max_age\":3600,\"success_fraction\":0.005,\"failure_fraction\":0.05,\"response_headers\":[\"Via\"]}","Pragma":"no-cache","Report-To":"{\"group\":\"heroku-nel\",\"max_age\":3600,\"endpoints\":[{\"url\":\"https://nel.heroku.com/reports?ts=1743403173\u0026sid=e11707d5-02a7-43ef-b45e-2cf4d2036f7d\u0026s=aiyLfWM9qsM6UwrCcUTK%2BptjhDJrW2ClnowgVqdImN4%3D\"}]}","Reporting-Endpoints":"heroku-nel=https://nel.heroku.com/reports?ts=1743403173\u0026sid=e11707d5-02a7-43ef-b45e-2cf4d2036f7d\u0026s=aiyLfWM9qsM6UwrCcUTK%2BptjhDJrW2ClnowgVqdImN4%3D","Server":"cloudflare","Server-Timing":"cfL4;desc=\"?proto=TCP\u0026rtt=0\u0026min_rtt=0\u0026rtt_var=0\u0026sent=0\u0026recv=0\u0026lost=0\u0026retrans=0\u0026sent_bytes=0\u0026recv_bytes=0\u0026delivery_rate=0\u0026cwnd=0\u0026unsent_bytes=0\u0026cid=1bee1373bd6904f9\u0026ts=694\u0026x=0\"","Vary":"Origin, Accept-Encoding","Via":"1.1 vegur","X-Content-Type-Options":"nosniff","X-Powered-By":"Express","X-Ratelimit-Limit":"1000","X-Ratelimit-Remaining":"980","X-Ratelimit-Reset":"1743403214"},"retry":null,"status_code":200,"url":"https://jsonplaceholder.typicode.com/todos/33"},"sensitive_attributes":[]}]},{"mode":"managed","type":"google_storage_bucket","name":"foo","provider":"provider[\"registry.opentofu.org/hashicorp/google\"]","instances":[{"schema_version":3,"attributes":{"autoclass":[],"cors":[],"custom_placement_config":[],"default_event_based_hold":false,"effective_labels":{"goog-terraform-provisioned":"true"},"enable_object_retention":false,"encryption":[],"force_destroy":true,"hierarchical_namespace":[{"enabled":true}],"id":"open_tofu_foo","labels":{},"lifecycle_rule":[],"location":"ASIA","logging":[],"name":"open_tofu_foo","project":"learn-tofu","project_number":455926686695,"public_access_prevention":"inherited","requester_pays":false,"retention_policy":[],"rpo":"DEFAULT","self_link":"https://www.googleapis.com/storage/v1/b/open_tofu_foo","soft_delete_policy":[{"effective_time":"2025-04-07T11:08:13.576Z","retention_duration_seconds":604800}],"storage_class":"COLDLINE","terraform_labels":{"goog-terraform-provisioned":"true"},"timeouts":null,"uniform_bucket_level_access":true,"url":"gs://open_tofu_foo","versioning":[],"website":[]},"sensitive_attributes":[],"private":"eyJlMmJmYjczMC1lY2FhLTExZTYtOGY4OC0zNDM2M2JjN2M0YzAiOnsiY3JlYXRlIjo2MDAwMDAwMDAwMDAsInJlYWQiOjI0MDAwMDAwMDAwMCwidXBkYXRlIjoyNDAwMDAwMDAwMDB9LCJzY2hlbWFfdmVyc2lvbiI6IjMifQ=="}]},{"mode":"managed","type":"google_storage_bucket_object","name":"todo_data","provider":"provider[\"registry.opentofu.org/hashicorp/google\"]","instances":[{"index_key":"11","schema_version":0,"attributes":{"bucket":"open_tofu_foo","cache_control":"","content":"{\n  \"userId\": 1,\n  \"id\": 11,\n  \"title\": \"vero rerum temporibus dolor\",\n  \"completed\": true\n}","content_disposition":"","content_encoding":"","content_language":"","content_type":"application/json","crc32c":"s504Wg==","customer_encryption":[],"detect_md5hash":"QgQHgPi+UeG9T4iknz1lcA==","event_based_hold":false,"generation":1744024334751193,"id":"open_tofu_foo-f_2/todo:11.json","kms_key_name":"","md5hash":"QgQHgPi+UeG9T4iknz1lcA==","media_link":"https://storage.googleapis.com/download/storage/v1/b/open_tofu_foo/o/f_2%2Ftodo:11.json?generation=1744024334751193\u0026alt=media","metadata":null,"name":"f_2/todo:11.json","output_name":"f_2/todo:11.json","retention":[],"self_link":"https://www.googleapis.com/storage/v1/b/open_tofu_foo/o/f_2%2Ftodo:11.json","source":null,"storage_class":"COLDLINE","temporary_hold":false,"timeouts":null},"sensitive_attributes":[[{"type":"get_attr","value":"content"}]],"private":"eyJlMmJmYjczMC1lY2FhLTExZTYtOGY4OC0zNDM2M2JjN2M0YzAiOnsiY3JlYXRlIjoyNDAwMDAwMDAwMDAsImRlbGV0ZSI6MjQwMDAwMDAwMDAwLCJ1cGRhdGUiOjI0MDAwMDAwMDAwMH19","dependencies":["data.http.todo","google_storage_bucket.foo","google_storage_folder.test"]},{"index_key":"22","schema_version":0,"attributes":{"bucket":"open_tofu_foo","cache_control":"","content":"{\n  \"userId\": 2,\n  \"id\": 22,\n  \"title\": \"distinctio vitae autem nihil ut molestias quo\",\n  \"completed\": true\n}","content_disposition":"","content_encoding":"","content_language":"","content_type":"application/json","crc32c":"2Gvpig==","customer_encryption":[],"detect_md5hash":"fgM32luKAg9XoD2Viv5XTw==","event_based_hold":false,"generation":1744024334443538,"id":"open_tofu_foo-f_2/todo:22.json","kms_key_name":"","md5hash":"fgM32luKAg9XoD2Viv5XTw==","media_link":"https://storage.googleapis.com/download/storage/v1/b/open_tofu_foo/o/f_2%2Ftodo:22.json?generation=1744024334443538\u0026alt=media","metadata":null,"name":"f_2/todo:22.json","output_name":"f_2/todo:22.json","retention":[],"self_link":"https://www.googleapis.com/storage/v1/b/open_tofu_foo/o/f_2%2Ftodo:22.json","source":null,"storage_class":"COLDLINE","temporary_hold":false,"timeouts":null},"sensitive_attributes":[[{"type":"get_attr","value":"content"}]],"private":"eyJlMmJmYjczMC1lY2FhLTExZTYtOGY4OC0zNDM2M2JjN2M0YzAiOnsiY3JlYXRlIjoyNDAwMDAwMDAwMDAsImRlbGV0ZSI6MjQwMDAwMDAwMDAwLCJ1cGRhdGUiOjI0MDAwMDAwMDAwMH19","dependencies":["data.http.todo","google_storage_bucket.foo","google_storage_folder.test"]},{"index_key":"33","schema_version":0,"attributes":{"bucket":"open_tofu_foo","cache_control":"","content":"{\n  \"userId\": 2,\n  \"id\": 33,\n  \"title\": \"sint sit aut vero\",\n  \"completed\": false\n}","content_disposition":"","content_encoding":"","content_language":"","content_type":"application/json","crc32c":"7k/2hw==","customer_encryption":[],"detect_md5hash":"uXClPcZTUTod1Ld2tUE/IQ==","event_based_hold":false,"generation":1744024334750634,"id":"open_tofu_foo-f_2/todo:33.json","kms_key_name":"","md5hash":"uXClPcZTUTod1Ld2tUE/IQ==","media_link":"https://storage.googleapis.com/download/storage/v1/b/open_tofu_foo/o/f_2%2Ftodo:33.json?generation=1744024334750634\u0026alt=media","metadata":null,"name":"f_2/todo:33.json","output_name":"f_2/todo:33.json","retention":[],"self_link":"https://www.googleapis.com/storage/v1/b/open_tofu_foo/o/f_2%2Ftodo:33.json","source":null,"storage_class":"STANDARD","temporary_hold":false,"timeouts":null},"sensitive_attributes":[[{"type":"get_attr","value":"content"}]],"private":"eyJlMmJmYjczMC1lY2FhLTExZTYtOGY4OC0zNDM2M2JjN2M0YzAiOnsiY3JlYXRlIjoyNDAwMDAwMDAwMDAsImRlbGV0ZSI6MjQwMDAwMDAwMDAwLCJ1cGRhdGUiOjI0MDAwMDAwMDAwMH19","dependencies":["data.http.todo","google_storage_bucket.foo","google_storage_folder.test"]}]},{"mode":"managed","type":"google_storage_folder","name":"test","provider":"provider[\"registry.opentofu.org/hashicorp/google\"]","instances":[{"index_key":"f_1","schema_version":0,"attributes":{"bucket":"open_tofu_foo","create_time":"2025-04-07T11:08:15.988Z","force_destroy":false,"id":"open_tofu_foo/f_1/","metageneration":"1","name":"f_1/","self_link":"https://www.googleapis.com/storage/v1/b/open_tofu_foo/folders/f_1%2F","timeouts":null,"update_time":"2025-04-07T11:08:15.988Z"},"sensitive_attributes":[],"private":"eyJlMmJmYjczMC1lY2FhLTExZTYtOGY4OC0zNDM2M2JjN2M0YzAiOnsiY3JlYXRlIjoxMjAwMDAwMDAwMDAwLCJkZWxldGUiOjEyMDAwMDAwMDAwMDAsInVwZGF0ZSI6MTIwMDAwMDAwMDAwMH19","dependencies":["google_storage_bucket.foo"]},{"index_key":"f_2","schema_version":0,"attributes":{"bucket":"open_tofu_foo","create_time":"2025-04-07T11:08:16.051Z","force_destroy":false,"id":"open_tofu_foo/f_2/","metageneration":"1","name":"f_2/","self_link":"https://www.googleapis.com/storage/v1/b/open_tofu_foo/folders/f_2%2F","timeouts":null,"update_time":"2025-04-07T11:08:16.051Z"},"sensitive_attributes":[],"private":"eyJlMmJmYjczMC1lY2FhLTExZTYtOGY4OC0zNDM2M2JjN2M0YzAiOnsiY3JlYXRlIjoxMjAwMDAwMDAwMDAwLCJkZWxldGUiOjEyMDAwMDAwMDAwMDAsInVwZGF0ZSI6MTIwMDAwMDAwMDAwMH19","dependencies":["google_storage_bucket.foo"]}]}],"check_results":null}
