{"version":4,"terraform_version":"1.9.0","serial":2,"lineage":"980841a7-5cee-7c7f-a294-bde9aef9645b","outputs":{},"resources":[{"module":"module.site","mode":"managed","type":"google_compute_firewall","name":"allow_http","provider":"module.site.provider[\"registry.opentofu.org/hashicorp/google\"]","instances":[{"schema_version":1,"attributes":{"allow":[{"ports":["80"],"protocol":"tcp"}],"creation_timestamp":"2025-04-08T23:36:37.319-07:00","deny":[],"description":"","destination_ranges":[],"direction":"INGRESS","disabled":false,"enable_logging":null,"id":"projects/learn-tofu/global/firewalls/prod-allow-http","log_config":[],"name":"prod-allow-http","network":"https://www.googleapis.com/compute/v1/projects/learn-tofu/global/networks/default","priority":1000,"project":"learn-tofu","self_link":"https://www.googleapis.com/compute/v1/projects/learn-tofu/global/firewalls/prod-allow-http","source_ranges":["0.0.0.0/0"],"source_service_accounts":[],"source_tags":[],"target_service_accounts":[],"target_tags":["prod-http-server"],"timeouts":null},"sensitive_attributes":[],"private":"eyJlMmJmYjczMC1lY2FhLTExZTYtOGY4OC0zNDM2M2JjN2M0YzAiOnsiY3JlYXRlIjoxMjAwMDAwMDAwMDAwLCJkZWxldGUiOjEyMDAwMDAwMDAwMDAsInVwZGF0ZSI6MTIwMDAwMDAwMDAwMH0sInNjaGVtYV92ZXJzaW9uIjoiMSJ9"}]},{"module":"module.site","mode":"managed","type":"google_compute_instance","name":"app","provider":"module.site.provider[\"registry.opentofu.org/hashicorp/google\"]","instances":[{"schema_version":6,"attributes":{"advanced_machine_features":[],"allow_stopping_for_update":null,"attached_disk":[],"boot_disk":[{"auto_delete":true,"device_name":"persistent-disk-0","disk_encryption_key_raw":"","disk_encryption_key_rsa":"","disk_encryption_key_sha256":"","disk_encryption_service_account":"","guest_os_features":["VIRTIO_SCSI_MULTIQUEUE","SEV_CAPABLE","SEV_SNP_CAPABLE","SEV_LIVE_MIGRATABLE","SEV_LIVE_MIGRATABLE_V2","IDPF","TDX_CAPABLE","UEFI_COMPATIBLE","GVNIC"],"initialize_params":[{"architecture":"X86_64","enable_confidential_compute":false,"image":"https://www.googleapis.com/compute/v1/projects/ubuntu-os-cloud/global/images/ubuntu-minimal-2410-oracular-amd64-v20250312","labels":{},"provisioned_iops":0,"provisioned_throughput":0,"resource_manager_tags":{},"resource_policies":[],"size":10,"snapshot":"","source_image_encryption_key":[],"source_snapshot_encryption_key":[],"storage_pool":"","type":"pd-standard"}],"interface":"","kms_key_self_link":"","mode":"READ_WRITE","source":"https://www.googleapis.com/compute/v1/projects/learn-tofu/zones/asia-south1-c/disks/prod-machine"}],"can_ip_forward":false,"confidential_instance_config":[],"cpu_platform":"Intel Skylake","creation_timestamp":"2025-04-08T23:36:41.751-07:00","current_status":"RUNNING","deletion_protection":false,"description":"","desired_status":null,"effective_labels":{"goog-terraform-provisioned":"true"},"enable_display":false,"guest_accelerator":[],"hostname":"","id":"projects/learn-tofu/zones/asia-south1-c/instances/prod-machine","instance_encryption_key":[],"instance_id":"4097235165239815062","key_revocation_action_type":"","label_fingerprint":"vezUS-42LLM=","labels":{},"machine_type":"n1-standard-1","metadata":{},"metadata_fingerprint":"gJ69zXUFcD4=","metadata_startup_script":"sudo date \u003e out.txt\nsudo apt-get update\ncurl -fsSL https://get.docker.com -o get-docker.sh\nsudo sh ./get-docker.sh\nsudo service docker start\nsudo docker run -d -p 80:80 yeasy/simple-web:latest\n\n","min_cpu_platform":"","name":"prod-machine","network_interface":[{"access_config":[{"nat_ip":"35.207.217.174","network_tier":"STANDARD","public_ptr_domain_name":""}],"alias_ip_range":[],"internal_ipv6_prefix_length":0,"ipv6_access_config":[],"ipv6_access_type":"","ipv6_address":"","name":"nic0","network":"https://www.googleapis.com/compute/v1/projects/learn-tofu/global/networks/default","network_attachment":"","network_ip":"10.160.0.37","nic_type":"","queue_count":0,"stack_type":"IPV4_ONLY","subnetwork":"https://www.googleapis.com/compute/v1/projects/learn-tofu/regions/asia-south1/subnetworks/default","subnetwork_project":"learn-tofu"}],"network_performance_config":[],"params":[],"project":"learn-tofu","reservation_affinity":[],"resource_policies":[],"scheduling":[{"automatic_restart":true,"availability_domain":0,"instance_termination_action":"","local_ssd_recovery_timeout":[],"max_run_duration":[],"min_node_cpus":0,"node_affinities":[],"on_host_maintenance":"MIGRATE","on_instance_stop_action":[],"preemptible":false,"provisioning_model":"STANDARD","termination_time":""}],"scratch_disk":[],"self_link":"https://www.googleapis.com/compute/v1/projects/learn-tofu/zones/asia-south1-c/instances/prod-machine","service_account":[],"shielded_instance_config":[{"enable_integrity_monitoring":true,"enable_secure_boot":false,"enable_vtpm":true}],"tags":["http-server","prod-http-server"],"tags_fingerprint":"4W9nPQUyghc=","terraform_labels":{"goog-terraform-provisioned":"true"},"timeouts":null,"zone":"asia-south1-c"},"sensitive_attributes":[[{"type":"get_attr","value":"boot_disk"},{"type":"index","value":{"value":0,"type":"number"}},{"type":"get_attr","value":"disk_encryption_key_raw"}],[{"type":"get_attr","value":"boot_disk"},{"type":"index","value":{"value":0,"type":"number"}},{"type":"get_attr","value":"disk_encryption_key_rsa"}]],"private":"eyJlMmJmYjczMC1lY2FhLTExZTYtOGY4OC0zNDM2M2JjN2M0YzAiOnsiY3JlYXRlIjoxMjAwMDAwMDAwMDAwLCJkZWxldGUiOjEyMDAwMDAwMDAwMDAsInVwZGF0ZSI6MTIwMDAwMDAwMDAwMH0sInNjaGVtYV92ZXJzaW9uIjoiNiJ9"}]}],"check_results":null}
